
Microsoft Visual Studio Solution File, Format Version 12.00
# Visual Studio 14
VisualStudioVersion = 14.0.23107.0
MinimumVisualStudioVersion = 10.0.40219.1
Project("{FAE04EC0-301F-11D3-BF4B-00C04F79EFBC}") = "WebApp", "WebApp\WebApp.csproj", "{98CE3E73-FCF2-4641-A619-5938571E14A3}"
EndProject
Project("{FAE04EC0-301F-11D3-BF4B-00C04F79EFBC}") = "WebApp.Tests", "WebApp.Tests\WebApp.Tests.csproj", "{95839DF8-0FF9-45FF-8BDC-01F12E232194}"
EndProject
Global
	GlobalSection(SolutionConfigurationPlatforms) = preSolution
		Debug|Any CPU = Debug|Any CPU
		Release|Any CPU = Release|Any CPU
	EndGlobalSection
	GlobalSection(ProjectConfigurationPlatforms) = postSolution
		{98CE3E73-FCF2-4641-A619-5938571E14A3}.Debug|Any CPU.ActiveCfg = Debug|Any CPU
		{98CE3E73-FCF2-4641-A619-5938571E14A3}.Debug|Any CPU.Build.0 = Debug|Any CPU
		{98CE3E73-FCF2-4641-A619-5938571E14A3}.Release|Any CPU.ActiveCfg = Release|Any CPU
		{98CE3E73-FCF2-4641-A619-5938571E14A3}.Release|Any CPU.Build.0 = Release|Any CPU
		{95839DF8-0FF9-45FF-8BDC-01F12E232194}.Debug|Any CPU.ActiveCfg = Debug|Any CPU
		{95839DF8-0FF9-45FF-8BDC-01F12E232194}.Debug|Any CPU.Build.0 = Debug|Any CPU
		{95839DF8-0FF9-45FF-8BDC-01F12E232194}.Release|Any CPU.ActiveCfg = Release|Any CPU
		{95839DF8-0FF9-45FF-8BDC-01F12E232194}.Release|Any CPU.Build.0 = Release|Any CPU
	EndGlobalSection
	GlobalSection(SolutionProperties) = preSolution
		HideSolutionNode = FALSE
	EndGlobalSection
	GlobalSection(TeamFoundationVersionControl) = preSolution
		SccNumberOfProjects = 3
		SccEnterpriseProvider = {4CA58AB2-18FA-4F8D-95D4-32DDF27D184C}
		SccTeamFoundationServer = http://q9550:8080/tfs/defaultcollection
		SccLocalPath0 = .
		SccProjectUniqueName1 = WebApp.Tests\\WebApp.Tests.csproj
		SccProjectName1 = WebApp.Tests
		SccLocalPath1 = WebApp.Tests
		SccProjectUniqueName2 = WebApp\\WebApp.csproj
		SccProjectName2 = WebApp
		SccLocalPath2 = WebApp
	EndGlobalSection
EndGlobal
